// !$*UTF8*$!
{
	archiveVersion = 1;
	classes = {
	};
	objectVersion = 50;
	objects = {

/* Begin PBXBuildFile section */
		831B108D26BD631F00F0BA55 /* AppDelegate.swift in Sources */ = {isa = PBXBuildFile; fileRef = 831B108C26BD631F00F0BA55 /* AppDelegate.swift */; };
		831B108F26BD631F00F0BA55 /* SceneDelegate.swift in Sources */ = {isa = PBXBuildFile; fileRef = 831B108E26BD631F00F0BA55 /* SceneDelegate.swift */; };
		831B109126BD631F00F0BA55 /* MainViewController.swift in Sources */ = {isa = PBXBuildFile; fileRef = 831B109026BD631F00F0BA55 /* MainViewController.swift */; };
		831B109626BD632000F0BA55 /* Assets.xcassets in Resources */ = {isa = PBXBuildFile; fileRef = 831B109526BD632000F0BA55 /* Assets.xcassets */; };
		831B109926BD632000F0BA55 /* LaunchScreen.storyboard in Resources */ = {isa = PBXBuildFile; fileRef = 831B109726BD632000F0BA55 /* LaunchScreen.storyboard */; };
		831B10A226BD63B800F0BA55 /* FaceMaskViewController.swift in Sources */ = {isa = PBXBuildFile; fileRef = 831B10A126BD63B800F0BA55 /* FaceMaskViewController.swift */; };
		831B10A526BD6A5D00F0BA55 /* Autolayout.swift in Sources */ = {isa = PBXBuildFile; fileRef = 831B10A426BD6A5D00F0BA55 /* Autolayout.swift */; };
		831B10A826BD701400F0BA55 /* UIButton + Extension.swift in Sources */ = {isa = PBXBuildFile; fileRef = 831B10A726BD701400F0BA55 /* UIButton + Extension.swift */; };
		831B10AA26BD7F4B00F0BA55 /* FaceDetectionViewController.swift in Sources */ = {isa = PBXBuildFile; fileRef = 831B10A926BD7F4B00F0BA55 /* FaceDetectionViewController.swift */; };
		831B10AC26BD8DF700F0BA55 /* FaceRecognizerViewController.swift in Sources */ = {isa = PBXBuildFile; fileRef = 831B10AB26BD8DF700F0BA55 /* FaceRecognizerViewController.swift */; };
		831B10B026BD911E00F0BA55 /* Face.mlmodel in Sources */ = {isa = PBXBuildFile; fileRef = 831B10AF26BD911E00F0BA55 /* Face.mlmodel */; };
/* End PBXBuildFile section */

/* Begin PBXFileReference section */
		831B108926BD631F00F0BA55 /* FaceDemo.app */ = {isa = PBXFileReference; explicitFileType = wrapper.application; includeInIndex = 0; path = FaceDemo.app; sourceTree = BUILT_PRODUCTS_DIR; };
		831B108C26BD631F00F0BA55 /* AppDelegate.swift */ = {isa = PBXFileReference; lastKnownFileType = sourcecode.swift; path = AppDelegate.swift; sourceTree = "<group>"; };
		831B108E26BD631F00F0BA55 /* SceneDelegate.swift */ = {isa = PBXFileReference; lastKnownFileType = sourcecode.swift; path = SceneDelegate.swift; sourceTree = "<group>"; };
		831B109026BD631F00F0BA55 /* MainViewController.swift */ = {isa = PBXFileReference; lastKnownFileType = sourcecode.swift; path = MainViewController.swift; sourceTree = "<group>"; };
		831B109526BD632000F0BA55 /* Assets.xcassets */ = {isa = PBXFileReference; lastKnownFileType = folder.assetcatalog; path = Assets.xcassets; sourceTree = "<group>"; };
		831B109826BD632000F0BA55 /* Base */ = {isa = PBXFileReference; lastKnownFileType = file.storyboard; name = Base; path = Base.lproj/LaunchScreen.storyboard; sourceTree = "<group>"; };
		831B109A26BD632000F0BA55 /* Info.plist */ = {isa = PBXFileReference; lastKnownFileType = text.plist.xml; path = Info.plist; sourceTree = "<group>"; };
		831B10A126BD63B800F0BA55 /* FaceMaskViewController.swift */ = {isa = PBXFileReference; lastKnownFileType = sourcecode.swift; path = FaceMaskViewController.swift; sourceTree = "<group>"; };
		831B10A426BD6A5D00F0BA55 /* Autolayout.swift */ = {isa = PBXFileReference; lastKnownFileType = sourcecode.swift; path = Autolayout.swift; sourceTree = "<group>"; };
		831B10A726BD701400F0BA55 /* UIButton + Extension.swift */ = {isa = PBXFileReference; lastKnownFileType = sourcecode.swift; path = "UIButton + Extension.swift"; sourceTree = "<group>"; };
		831B10A926BD7F4B00F0BA55 /* FaceDetectionViewController.swift */ = {isa = PBXFileReference; lastKnownFileType = sourcecode.swift; path = FaceDetectionViewController.swift; sourceTree = "<group>"; };
		831B10AB26BD8DF700F0BA55 /* FaceRecognizerViewController.swift */ = {isa = PBXFileReference; lastKnownFileType = sourcecode.swift; path = FaceRecognizerViewController.swift; sourceTree = "<group>"; };
		831B10AF26BD911E00F0BA55 /* Face.mlmodel */ = {isa = PBXFileReference; lastKnownFileType = file.mlmodel; path = Face.mlmodel; sourceTree = "<group>"; };
/* End PBXFileReference section */

/* Begin PBXFrameworksBuildPhase section */
		831B108626BD631F00F0BA55 /* Frameworks */ = {
			isa = PBXFrameworksBuildPhase;
			buildActionMask = 2147483647;
			files = (
			);
			runOnlyForDeploymentPostprocessing = 0;
		};
/* End PBXFrameworksBuildPhase section */

/* Begin PBXGroup section */
		831B108026BD631F00F0BA55 = {
			isa = PBXGroup;
			children = (
				831B10AF26BD911E00F0BA55 /* Face.mlmodel */,
				831B108B26BD631F00F0BA55 /* FaceDemo */,
				831B108A26BD631F00F0BA55 /* Products */,
				831B10AD26BD905100F0BA55 /* Frameworks */,
			);
			sourceTree = "<group>";
		};
		831B108A26BD631F00F0BA55 /* Products */ = {
			isa = PBXGroup;
			children = (
				831B108926BD631F00F0BA55 /* FaceDemo.app */,
			);
			name = Products;
			sourceTree = "<group>";
		};
		831B108B26BD631F00F0BA55 /* FaceDemo */ = {
			isa = PBXGroup;
			children = (
				831B10A626BD700500F0BA55 /* Extensions */,
				831B10A326BD651100F0BA55 /* Utils */,
				831B10A026BD63A500F0BA55 /* FacesVC */,
				831B108C26BD631F00F0BA55 /* AppDelegate.swift */,
				831B108E26BD631F00F0BA55 /* SceneDelegate.swift */,
				831B109026BD631F00F0BA55 /* MainViewController.swift */,
				831B109526BD632000F0BA55 /* Assets.xcassets */,
				831B109726BD632000F0BA55 /* LaunchScreen.storyboard */,
				831B109A26BD632000F0BA55 /* Info.plist */,
			);
			path = FaceDemo;
			sourceTree = "<group>";
		};
		831B10A026BD63A500F0BA55 /* FacesVC */ = {
			isa = PBXGroup;
			children = (
				831B10A126BD63B800F0BA55 /* FaceMaskViewController.swift */,
				831B10A926BD7F4B00F0BA55 /* FaceDetectionViewController.swift */,
				831B10AB26BD8DF700F0BA55 /* FaceRecognizerViewController.swift */,
			);
			path = FacesVC;
			sourceTree = "<group>";
		};
		831B10A326BD651100F0BA55 /* Utils */ = {
			isa = PBXGroup;
			children = (
				831B10A426BD6A5D00F0BA55 /* Autolayout.swift */,
			);
			path = Utils;
			sourceTree = "<group>";
		};
		831B10A626BD700500F0BA55 /* Extensions */ = {
			isa = PBXGroup;
			children = (
				831B10A726BD701400F0BA55 /* UIButton + Extension.swift */,
			);
			path = Extensions;
			sourceTree = "<group>";
		};
		831B10AD26BD905100F0BA55 /* Frameworks */ = {
			isa = PBXGroup;
			children = (
			);
			name = Frameworks;
			sourceTree = "<group>";
		};
/* End PBXGroup section */

/* Begin PBXNativeTarget section */
		831B108826BD631F00F0BA55 /* FaceDemo */ = {
			isa = PBXNativeTarget;
			buildConfigurationList = 831B109D26BD632000F0BA55 /* Build configuration list for PBXNativeTarget "FaceDemo" */;
			buildPhases = (
				831B108526BD631F00F0BA55 /* Sources */,
				831B108626BD631F00F0BA55 /* Frameworks */,
				831B108726BD631F00F0BA55 /* Resources */,
			);
			buildRules = (
			);
			dependencies = (
			);
			name = FaceDemo;
			productName = FaceDemo;
			productReference = 831B108926BD631F00F0BA55 /* FaceDemo.app */;
			productType = "com.apple.product-type.application";
		};
/* End PBXNativeTarget section */

/* Begin PBXProject section */
		831B108126BD631F00F0BA55 /* Project object */ = {
			isa = PBXProject;
			attributes = {
				LastSwiftUpdateCheck = 1250;
				LastUpgradeCheck = 1250;
				TargetAttributes = {
					831B108826BD631F00F0BA55 = {
						CreatedOnToolsVersion = 12.5.1;
					};
				};
			};
			buildConfigurationList = 831B108426BD631F00F0BA55 /* Build configuration list for PBXProject "FaceDemo" */;
			compatibilityVersion = "Xcode 9.3";
			developmentRegion = en;
			hasScannedForEncodings = 0;
			knownRegions = (
				en,
				Base,
			);
			mainGroup = 831B108026BD631F00F0BA55;
			productRefGroup = 831B108A26BD631F00F0BA55 /* Products */;
			projectDirPath = "";
			projectRoot = "";
			targets = (
				831B108826BD631F00F0BA55 /* FaceDemo */,
			);
		};
/* End PBXProject section */

/* Begin PBXResourcesBuildPhase section */
		831B108726BD631F00F0BA55 /* Resources */ = {
			isa = PBXResourcesBuildPhase;
			buildActionMask = 2147483647;
			files = (
				831B109926BD632000F0BA55 /* LaunchScreen.storyboard in Resources */,
				831B109626BD632000F0BA55 /* Assets.xcassets in Resources */,
			);
			runOnlyForDeploymentPostprocessing = 0;
		};
/* End PBXResourcesBuildPhase section */

/* Begin PBXSourcesBuildPhase section */
		831B108526BD631F00F0BA55 /* Sources */ = {
			isa = PBXSourcesBuildPhase;
			buildActionMask = 2147483647;
			files = (
				831B109126BD631F00F0BA55 /* MainViewController.swift in Sources */,
				831B10B026BD911E00F0BA55 /* Face.mlmodel in Sources */,
				831B10A526BD6A5D00F0BA55 /* Autolayout.swift in Sources */,
				831B10A226BD63B800F0BA55 /* FaceMaskViewController.swift in Sources */,
				831B108D26BD631F00F0BA55 /* AppDelegate.swift in Sources */,
				831B10AA26BD7F4B00F0BA55 /* FaceDetectionViewController.swift in Sources */,
				831B108F26BD631F00F0BA55 /* SceneDelegate.swift in Sources */,
				831B10A826BD701400F0BA55 /* UIButton + Extension.swift in Sources */,
				831B10AC26BD8DF700F0BA55 /* FaceRecognizerViewController.swift in Sources */,
			);
			runOnlyForDeploymentPostprocessing = 0;
		};
/* End PBXSourcesBuildPhase section */

/* Begin PBXVariantGroup section */
		831B109726BD632000F0BA55 /* LaunchScreen.storyboard */ = {
			isa = PBXVariantGroup;
			children = (
				831B109826BD632000F0BA55 /* Base */,
			);
			name = LaunchScreen.storyboard;
			sourceTree = "<group>";
		};
/* End PBXVariantGroup section */

/* Begin XCBuildConfiguration section */
		831B109B26BD632000F0BA55 /* Debug */ = {
			isa = XCBuildConfiguration;
			buildSettings = {
				ALWAYS_SEARCH_USER_PATHS = NO;
				CLANG_ANALYZER_NONNULL = YES;
				CLANG_ANALYZER_NUMBER_OBJECT_CONVERSION = YES_AGGRESSIVE;
				CLANG_CXX_LANGUAGE_STANDARD = "gnu++14";
				CLANG_CXX_LIBRARY = "libc++";
				CLANG_ENABLE_MODULES = YES;
				CLANG_ENABLE_OBJC_ARC = YES;
				CLANG_ENABLE_OBJC_WEAK = YES;
				CLANG_WARN_BLOCK_CAPTURE_AUTORELEASING = YES;
				CLANG_WARN_BOOL_CONVERSION = YES;
				CLANG_WARN_COMMA = YES;
				CLANG_WARN_CONSTANT_CONVERSION = YES;
				CLANG_WARN_DEPRECATED_OBJC_IMPLEMENTATIONS = YES;
				CLANG_WARN_DIRECT_OBJC_ISA_USAGE = YES_ERROR;
				CLANG_WARN_DOCUMENTATION_COMMENTS = YES;
				CLANG_WARN_EMPTY_BODY = YES;
				CLANG_WARN_ENUM_CONVERSION = YES;
				CLANG_WARN_INFINITE_RECURSION = YES;
				CLANG_WARN_INT_CONVERSION = YES;
				CLANG_WARN_NON_LITERAL_NULL_CONVERSION = YES;
				CLANG_WARN_OBJC_IMPLICIT_RETAIN_SELF = YES;
				CLANG_WARN_OBJC_LITERAL_CONVERSION = YES;
				CLANG_WARN_OBJC_ROOT_CLASS = YES_ERROR;
				CLANG_WARN_QUOTED_INCLUDE_IN_FRAMEWORK_HEADER = YES;
				CLANG_WARN_RANGE_LOOP_ANALYSIS = YES;
				CLANG_WARN_STRICT_PROTOTYPES = YES;
				CLANG_WARN_SUSPICIOUS_MOVE = YES;
				CLANG_WARN_UNGUARDED_AVAILABILITY = YES_AGGRESSIVE;
				CLANG_WARN_UNREACHABLE_CODE = YES;
				CLANG_WARN__DUPLICATE_METHOD_MATCH = YES;
				COPY_PHASE_STRIP = NO;
				DEBUG_INFORMATION_FORMAT = dwarf;
				ENABLE_STRICT_OBJC_MSGSEND = YES;
				ENABLE_TESTABILITY = YES;
				GCC_C_LANGUAGE_STANDARD = gnu11;
				GCC_DYNAMIC_NO_PIC = NO;
				GCC_NO_COMMON_BLOCKS = YES;
				GCC_OPTIMIZATION_LEVEL = 0;
				GCC_PREPROCESSOR_DEFINITIONS = (
					"DEBUG=1",
					"$(inherited)",
				);
				GCC_WARN_64_TO_32_BIT_CONVERSION = YES;
				GCC_WARN_ABOUT_RETURN_TYPE = YES_ERROR;
				GCC_WARN_UNDECLARED_SELECTOR = YES;
				GCC_WARN_UNINITIALIZED_AUTOS = YES_AGGRESSIVE;
				GCC_WARN_UNUSED_FUNCTION = YES;
				GCC_WARN_UNUSED_VARIABLE = YES;
				IPHONEOS_DEPLOYMENT_TARGET = 14.5;
				MTL_ENABLE_DEBUG_INFO = INCLUDE_SOURCE;
				MTL_FAST_MATH = YES;
				ONLY_ACTIVE_ARCH = YES;
				SDKROOT = iphoneos;
				SWIFT_ACTIVE_COMPILATION_CONDITIONS = DEBUG;
				SWIFT_OPTIMIZATION_LEVEL = "-Onone";
			};
			name = Debug;
		};
		831B109C26BD632000F0BA55 /* Release */ = {
			isa = XCBuildConfiguration;
			buildSettings = {
				ALWAYS_SEARCH_USER_PATHS = NO;
				CLANG_ANALYZER_NONNULL = YES;
				CLANG_ANALYZER_NUMBER_OBJECT_CONVERSION = YES_AGGRESSIVE;
				CLANG_CXX_LANGUAGE_STANDARD = "gnu++14";
				CLANG_CXX_LIBRARY = "libc++";
				CLANG_ENABLE_MODULES = YES;
				CLANG_ENABLE_OBJC_ARC = YES;
				CLANG_ENABLE_OBJC_WEAK = YES;
				CLANG_WARN_BLOCK_CAPTURE_AUTORELEASING = YES;
				CLANG_WARN_BOOL_CONVERSION = YES;
				CLANG_WARN_COMMA = YES;
				CLANG_WARN_CONSTANT_CONVERSION = YES;
				CLANG_WARN_DEPRECATED_OBJC_IMPLEMENTATIONS = YES;
				CLANG_WARN_DIRECT_OBJC_ISA_USAGE = YES_ERROR;
				CLANG_WARN_DOCUMENTATION_COMMENTS = YES;
				CLANG_WARN_EMPTY_BODY = YES;
				CLANG_WARN_ENUM_CONVERSION = YES;
				CLANG_WARN_INFINITE_RECURSION = YES;
				CLANG_WARN_INT_CONVERSION = YES;
				CLANG_WARN_NON_LITERAL_NULL_CONVERSION = YES;
				CLANG_WARN_OBJC_IMPLICIT_RETAIN_SELF = YES;
				CLANG_WARN_OBJC_LITERAL_CONVERSION = YES;
				CLANG_WARN_OBJC_ROOT_CLASS = YES_ERROR;
				CLANG_WARN_QUOTED_INCLUDE_IN_FRAMEWORK_HEADER = YES;
				CLANG_WARN_RANGE_LOOP_ANALYSIS = YES;
				CLANG_WARN_STRICT_PROTOTYPES = YES;
				CLANG_WARN_SUSPICIOUS_MOVE = YES;
				CLANG_WARN_UNGUARDED_AVAILABILITY = YES_AGGRESSIVE;
				CLANG_WARN_UNREACHABLE_CODE = YES;
				CLANG_WARN__DUPLICATE_METHOD_MATCH = YES;
				COPY_PHASE_STRIP = NO;
				DEBUG_INFORMATION_FORMAT = "dwarf-with-dsym";
				ENABLE_NS_ASSERTIONS = NO;
				ENABLE_STRICT_OBJC_MSGSEND = YES;
				GCC_C_LANGUAGE_STANDARD = gnu11;
				GCC_NO_COMMON_BLOCKS = YES;
				GCC_WARN_64_TO_32_BIT_CONVERSION = YES;
				GCC_WARN_ABOUT_RETURN_TYPE = YES_ERROR;
				GCC_WARN_UNDECLARED_SELECTOR = YES;
				GCC_WARN_UNINITIALIZED_AUTOS = YES_AGGRESSIVE;
				GCC_WARN_UNUSED_FUNCTION = YES;
				GCC_WARN_UNUSED_VARIABLE = YES;
				IPHONEOS_DEPLOYMENT_TARGET = 14.5;
				MTL_ENABLE_DEBUG_INFO = NO;
				MTL_FAST_MATH = YES;
				SDKROOT = iphoneos;
				SWIFT_COMPILATION_MODE = wholemodule;
				SWIFT_OPTIMIZATION_LEVEL = "-O";
				VALIDATE_PRODUCT = YES;
			};
			name = Release;
		};
		831B109E26BD632000F0BA55 /* Debug */ = {
			isa = XCBuildConfiguration;
			buildSettings = {
				ASSETCATALOG_COMPILER_APPICON_NAME = AppIcon;
				ASSETCATALOG_COMPILER_GLOBAL_ACCENT_COLOR_NAME = AccentColor;
				CODE_SIGN_STYLE = Automatic;
				DEVELOPMENT_TEAM = XXB3YP77W4;
				INFOPLIST_FILE = FaceDemo/Info.plist;
				LD_RUNPATH_SEARCH_PATHS = (
					"$(inherited)",
					"@executable_path/Frameworks",
				);
				PRODUCT_BUNDLE_IDENTIFIER = com.garpix.FaceDemo;
				PRODUCT_NAME = "$(TARGET_NAME)";
				SWIFT_VERSION = 5.0;
				TARGETED_DEVICE_FAMILY = "1,2";
			};
			name = Debug;
		};
		831B109F26BD632000F0BA55 /* Release */ = {
			isa = XCBuildConfiguration;
			buildSettings = {
				ASSETCATALOG_COMPILER_APPICON_NAME = AppIcon;
				ASSETCATALOG_COMPILER_GLOBAL_ACCENT_COLOR_NAME = AccentColor;
				CODE_SIGN_STYLE = Automatic;
				DEVELOPMENT_TEAM = XXB3YP77W4;
				INFOPLIST_FILE = FaceDemo/Info.plist;
				LD_RUNPATH_SEARCH_PATHS = (
					"$(inherited)",
					"@executable_path/Frameworks",
				);
				PRODUCT_BUNDLE_IDENTIFIER = com.garpix.FaceDemo;
				PRODUCT_NAME = "$(TARGET_NAME)";
				SWIFT_VERSION = 5.0;
				TARGETED_DEVICE_FAMILY = "1,2";
			};
			name = Release;
		};
/* End XCBuildConfiguration section */

/* Begin XCConfigurationList section */
		831B108426BD631F00F0BA55 /* Build configuration list for PBXProject "FaceDemo" */ = {
			isa = XCConfigurationList;
			buildConfigurations = (
				831B109B26BD632000F0BA55 /* Debug */,
				831B109C26BD632000F0BA55 /* Release */,
			);
			defaultConfigurationIsVisible = 0;
			defaultConfigurationName = Release;
		};
		831B109D26BD632000F0BA55 /* Build configuration list for PBXNativeTarget "FaceDemo" */ = {
			isa = XCConfigurationList;
			buildConfigurations = (
				831B109E26BD632000F0BA55 /* Debug */,
				831B109F26BD632000F0BA55 /* Release */,
			);
			defaultConfigurationIsVisible = 0;
			defaultConfigurationName = Release;
		};
/* End XCConfigurationList section */
	};
	rootObject = 831B108126BD631F00F0BA55 /* Project object */;
}
